{
  "pins" : [
    {
      "identity" : "alamofire",
      "kind" : "remoteSourceControl",
      "location" : "https://github.com/Alamofire/Alamofire.git",
      "state" : {
        "revision" : "bc268c28fb170f494de9e9927c371b8342979ece",
        "version" : "5.7.1"
      }
    },
    {
      "identity" : "combine-schedulers",
      "kind" : "remoteSourceControl",
      "location" : "https://github.com/pointfreeco/combine-schedulers",
      "state" : {
        "revision" : "0625932976b3ae23949f6b816d13bd97f3b40b7c",
        "version" : "0.10.0"
      }
    },
    {
      "identity" : "realm-core",
      "kind" : "remoteSourceControl",
      "location" : "https://github.com/realm/realm-core.git",
      "state" : {
        "revision" : "f1434caadda443b4ed2261b91ea4f43ab1ee2aa5",
        "version" : "13.15.1"
      }
    },
    {
      "identity" : "realm-swift",
      "kind" : "remoteSourceControl",
      "location" : "https://github.com/realm/realm-swift.git",
      "state" : {
        "branch" : "master",
        "revision" : "5ed2c8ece79e63056641bd517435aaf81563f887"
      }
    },
    {
      "identity" : "swift-clocks",
      "kind" : "remoteSourceControl",
      "location" : "https://github.com/pointfreeco/swift-clocks",
      "state" : {
        "revision" : "f9acfa1a45f4483fe0f2c434a74e6f68f865d12d",
        "version" : "0.3.0"
      }
    },
    {
      "identity" : "swift-dependencies",
      "kind" : "remoteSourceControl",
      "location" : "https://github.com/pointfreeco/swift-dependencies",
      "state" : {
        "revision" : "de1a984a71e51f6e488e98ce3652035563eb8acb",
        "version" : "0.5.1"
      }
    },
    {
      "identity" : "swiftui-cached-async-image",
      "kind" : "remoteSourceControl",
      "location" : "https://github.com/lorenzofiamingo/swiftui-cached-async-image",
      "state" : {
        "revision" : "467a3d17479887943ab917a379e62bbaff60ac8a",
        "version" : "2.1.1"
      }
    },
    {
      "identity" : "xctest-dynamic-overlay",
      "kind" : "remoteSourceControl",
      "location" : "https://github.com/pointfreeco/xctest-dynamic-overlay",
      "state" : {
        "revision" : "4af50b38daf0037cfbab15514a241224c3f62f98",
        "version" : "0.8.5"
      }
    }
  ],
  "version" : 2
}
